
Microsoft Visual Studio Solution File, Format Version 12.00
# Visual Studio 15
VisualStudioVersion = 15.0.28307.1000
MinimumVisualStudioVersion = 10.0.40219.1
Project("{8BC9CEB8-8B4A-11D0-8D11-00A0C91BC942}") = "X86PeRecompiler", "X86PeRecompiler\X86PeRecompiler.vcxproj", "{BC6AE643-5856-4AB1-B9AC-2D425C07FC21}"
EndProject
Global
	GlobalSection(SolutionConfigurationPlatforms) = preSolution
		Debug|x64 = Debug|x64
		Debug|x86 = Debug|x86
		Release|x64 = Release|x64
		Release|x86 = Release|x86
	EndGlobalSection
	GlobalSection(ProjectConfigurationPlatforms) = postSolution
		{BC6AE643-5856-4AB1-B9AC-2D425C07FC21}.Debug|x64.ActiveCfg = Debug|x64
		{BC6AE643-5856-4AB1-B9AC-2D425C07FC21}.Debug|x64.Build.0 = Debug|x64
		{BC6AE643-5856-4AB1-B9AC-2D425C07FC21}.Debug|x86.ActiveCfg = Debug|Win32
		{BC6AE643-5856-4AB1-B9AC-2D425C07FC21}.Debug|x86.Build.0 = Debug|Win32
		{BC6AE643-5856-4AB1-B9AC-2D425C07FC21}.Release|x64.ActiveCfg = Release|x64
		{BC6AE643-5856-4AB1-B9AC-2D425C07FC21}.Release|x64.Build.0 = Release|x64
		{BC6AE643-5856-4AB1-B9AC-2D425C07FC21}.Release|x86.ActiveCfg = Release|Win32
		{BC6AE643-5856-4AB1-B9AC-2D425C07FC21}.Release|x86.Build.0 = Release|Win32
	EndGlobalSection
	GlobalSection(SolutionProperties) = preSolution
		HideSolutionNode = FALSE
	EndGlobalSection
	GlobalSection(ExtensibilityGlobals) = postSolution
		SolutionGuid = {92C3513B-EBB4-4401-8296-DCA417C30FFF}
	EndGlobalSection
EndGlobal
